# THIS IS AN AUTOGENERATED FILE. DO NOT EDIT THIS FILE DIRECTLY.
# yarn lockfile v1


"@cspotcode/source-map-consumer@0.8.0":
  version "0.8.0"
  resolved "https://registry.nlark.com/@cspotcode/source-map-consumer/download/@cspotcode/source-map-consumer-0.8.0.tgz#33bf4b7b39c178821606f669bbc447a6a629786b"
  integrity sha1-M79LeznBeIIWBvZpu8RHpqYpeGs=

"@cspotcode/source-map-support@0.7.0":
  version "0.7.0"
  resolved "https://registry.npmmirror.com/@cspotcode/source-map-support/download/@cspotcode/source-map-support-0.7.0.tgz#4789840aa859e46d2f3173727ab707c66bf344f5"
  integrity sha1-R4mECqhZ5G0vMXNyercHxmvzRPU=
  dependencies:
    "@cspotcode/source-map-consumer" "0.8.0"

"@tsconfig/node10@^1.0.7":
  version "1.0.8"
  resolved "https://registry.nlark.com/@tsconfig/node10/download/@tsconfig/node10-1.0.8.tgz#c1e4e80d6f964fbecb3359c43bd48b40f7cadad9"
  integrity sha1-weToDW+WT77LM1nEO9SLQPfK2tk=

"@tsconfig/node12@^1.0.7":
  version "1.0.9"
  resolved "https://registry.nlark.com/@tsconfig/node12/download/@tsconfig/node12-1.0.9.tgz#62c1f6dee2ebd9aead80dc3afa56810e58e1a04c"
  integrity sha1-YsH23uLr2a6tgNw6+laBDljhoEw=

"@tsconfig/node14@^1.0.0":
  version "1.0.1"
  resolved "https://registry.nlark.com/@tsconfig/node14/download/@tsconfig/node14-1.0.1.tgz#95f2d167ffb9b8d2068b0b235302fafd4df711f2"
  integrity sha1-lfLRZ/+5uNIGiwsjUwL6/U33EfI=

"@tsconfig/node16@^1.0.2":
  version "1.0.2"
  resolved "https://registry.nlark.com/@tsconfig/node16/download/@tsconfig/node16-1.0.2.tgz#423c77877d0569db20e1fc80885ac4118314010e"
  integrity sha1-Qjx3h30Fadsg4fyAiFrEEYMUAQ4=

"@types/accepts@*":
  version "1.3.5"
  resolved "https://registry.nlark.com/@types/accepts/download/@types/accepts-1.3.5.tgz#c34bec115cfc746e04fe5a059df4ce7e7b391575"
  integrity sha1-w0vsEVz8dG4E/loFnfTOfns5FXU=
  dependencies:
    "@types/node" "*"

"@types/body-parser@*":
  version "1.19.1"
  resolved "https://registry.nlark.com/@types/body-parser/download/@types/body-parser-1.19.1.tgz?cache=0&sync_timestamp=1629706887202&other_urls=https%3A%2F%2Fregistry.nlark.com%2F%40types%2Fbody-parser%2Fdownload%2F%40types%2Fbody-parser-1.19.1.tgz#0c0174c42a7d017b818303d4b5d969cb0b75929c"
  integrity sha1-DAF0xCp9AXuBgwPUtdlpywt1kpw=
  dependencies:
    "@types/connect" "*"
    "@types/node" "*"

"@types/connect@*":
  version "3.4.35"
  resolved "https://registry.nlark.com/@types/connect/download/@types/connect-3.4.35.tgz#5fcf6ae445e4021d1fc2219a4873cc73a3bb2ad1"
  integrity sha1-X89q5EXkAh0fwiGaSHPMc6O7KtE=
  dependencies:
    "@types/node" "*"

"@types/content-disposition@*":
  version "0.5.4"
  resolved "https://registry.nlark.com/@types/content-disposition/download/@types/content-disposition-0.5.4.tgz#de48cf01c79c9f1560bcfd8ae43217ab028657f8"
  integrity sha1-3kjPAcecnxVgvP2K5DIXqwKGV/g=

"@types/cookies@*":
  version "0.7.7"
  resolved "https://registry.nlark.com/@types/cookies/download/@types/cookies-0.7.7.tgz#7a92453d1d16389c05a5301eef566f34946cfd81"
  integrity sha1-epJFPR0WOJwFpTAe71ZvNJRs/YE=
  dependencies:
    "@types/connect" "*"
    "@types/express" "*"
    "@types/keygrip" "*"
    "@types/node" "*"

"@types/express-serve-static-core@^4.17.18":
  version "4.17.24"
  resolved "https://registry.nlark.com/@types/express-serve-static-core/download/@types/express-serve-static-core-4.17.24.tgz?cache=0&sync_timestamp=1629707952039&other_urls=https%3A%2F%2Fregistry.nlark.com%2F%40types%2Fexpress-serve-static-core%2Fdownload%2F%40types%2Fexpress-serve-static-core-4.17.24.tgz#ea41f93bf7e0d59cd5a76665068ed6aab6815c07"
  integrity sha1-6kH5O/fg1ZzVp2ZlBo7WqraBXAc=
  dependencies:
    "@types/node" "*"
    "@types/qs" "*"
    "@types/range-parser" "*"

"@types/express@*":
  version "4.17.13"
  resolved "https://registry.nlark.com/@types/express/download/@types/express-4.17.13.tgz?cache=0&sync_timestamp=1629707737380&other_urls=https%3A%2F%2Fregistry.nlark.com%2F%40types%2Fexpress%2Fdownload%2F%40types%2Fexpress-4.17.13.tgz#a76e2995728999bab51a33fabce1d705a3709034"
  integrity sha1-p24plXKJmbq1GjP6vOHXBaNwkDQ=
  dependencies:
    "@types/body-parser" "*"
    "@types/express-serve-static-core" "^4.17.18"
    "@types/qs" "*"
    "@types/serve-static" "*"

"@types/http-assert@*":
  version "1.5.3"
  resolved "https://registry.nlark.com/@types/http-assert/download/@types/http-assert-1.5.3.tgz#ef8e3d1a8d46c387f04ab0f2e8ab8cb0c5078661"
  integrity sha1-7449Go1Gw4fwSrDy6KuMsMUHhmE=

"@types/http-errors@*":
  version "1.8.1"
  resolved "https://registry.nlark.com/@types/http-errors/download/@types/http-errors-1.8.1.tgz?cache=0&sync_timestamp=1629708064784&other_urls=https%3A%2F%2Fregistry.nlark.com%2F%40types%2Fhttp-errors%2Fdownload%2F%40types%2Fhttp-errors-1.8.1.tgz#e81ad28a60bee0328c6d2384e029aec626f1ae67"
  integrity sha1-6BrSimC+4DKMbSOE4Cmuxibxrmc=

"@types/keygrip@*":
  version "1.0.2"
  resolved "https://registry.nlark.com/@types/keygrip/download/@types/keygrip-1.0.2.tgz?cache=0&sync_timestamp=1629708383123&other_urls=https%3A%2F%2Fregistry.nlark.com%2F%40types%2Fkeygrip%2Fdownload%2F%40types%2Fkeygrip-1.0.2.tgz#513abfd256d7ad0bf1ee1873606317b33b1b2a72"
  integrity sha1-UTq/0lbXrQvx7hhzYGMXszsbKnI=

"@types/koa-compose@*":
  version "3.2.5"
  resolved "https://registry.nlark.com/@types/koa-compose/download/@types/koa-compose-3.2.5.tgz?cache=0&sync_timestamp=1629708384182&other_urls=https%3A%2F%2Fregistry.nlark.com%2F%40types%2Fkoa-compose%2Fdownload%2F%40types%2Fkoa-compose-3.2.5.tgz#85eb2e80ac50be95f37ccf8c407c09bbe3468e9d"
  integrity sha1-hesugKxQvpXzfM+MQHwJu+NGjp0=
  dependencies:
    "@types/koa" "*"

"@types/koa-router@^7.4.4":
  version "7.4.4"
  resolved "https://registry.nlark.com/@types/koa-router/download/@types/koa-router-7.4.4.tgz#db72bde3616365d74f00178d5f243c4fce7da572"
  integrity sha1-23K942FjZddPABeNXyQ8T859pXI=
  dependencies:
    "@types/koa" "*"

"@types/koa@*", "@types/koa@^2.13.4":
  version "2.13.4"
  resolved "https://registry.nlark.com/@types/koa/download/@types/koa-2.13.4.tgz?cache=0&sync_timestamp=1629708383663&other_urls=https%3A%2F%2Fregistry.nlark.com%2F%40types%2Fkoa%2Fdownload%2F%40types%2Fkoa-2.13.4.tgz#10620b3f24a8027ef5cbae88b393d1b31205726b"
  integrity sha1-EGILPySoAn71y66Is5PRsxIFcms=
  dependencies:
    "@types/accepts" "*"
    "@types/content-disposition" "*"
    "@types/cookies" "*"
    "@types/http-assert" "*"
    "@types/http-errors" "*"
    "@types/keygrip" "*"
    "@types/koa-compose" "*"
    "@types/node" "*"

"@types/mime@^1":
  version "1.3.2"
  resolved "https://registry.nlark.com/@types/mime/download/@types/mime-1.3.2.tgz#93e25bf9ee75fe0fd80b594bc4feb0e862111b5a"
  integrity sha1-k+Jb+e51/g/YC1lLxP6w6GIRG1o=

"@types/node@*", "@types/node@^16.11.6":
  version "16.11.6"
  resolved "https://registry.npmmirror.com/@types/node/download/@types/node-16.11.6.tgz#6bef7a2a0ad684cf6e90fcfe31cecabd9ce0a3ae"
  integrity sha1-a+96KgrWhM9ukPz+Mc7KvZzgo64=

"@types/qs@*":
  version "6.9.7"
  resolved "https://registry.nlark.com/@types/qs/download/@types/qs-6.9.7.tgz?cache=0&sync_timestamp=1629708766601&other_urls=https%3A%2F%2Fregistry.nlark.com%2F%40types%2Fqs%2Fdownload%2F%40types%2Fqs-6.9.7.tgz#63bb7d067db107cc1e457c303bc25d511febf6cb"
  integrity sha1-Y7t9Bn2xB8weRXwwO8JdUR/r9ss=

"@types/range-parser@*":
  version "1.2.4"
  resolved "https://registry.nlark.com/@types/range-parser/download/@types/range-parser-1.2.4.tgz?cache=0&sync_timestamp=1629708782649&other_urls=https%3A%2F%2Fregistry.nlark.com%2F%40types%2Frange-parser%2Fdownload%2F%40types%2Frange-parser-1.2.4.tgz#cd667bcfdd025213aafb7ca5915a932590acdcdc"
  integrity sha1-zWZ7z90CUhOq+3ylkVqTJZCs3Nw=

"@types/serve-static@*":
  version "1.13.10"
  resolved "https://registry.nlark.com/@types/serve-static/download/@types/serve-static-1.13.10.tgz#f5e0ce8797d2d7cc5ebeda48a52c96c4fa47a8d9"
  integrity sha1-9eDOh5fS18xevtpIpSyWxPpHqNk=
  dependencies:
    "@types/mime" "^1"
    "@types/node" "*"

accepts@^1.3.5:
  version "1.3.7"
  resolved "https://registry.npm.taobao.org/accepts/download/accepts-1.3.7.tgz#531bc726517a3b2b41f850021c6cc15eaab507cd"
  integrity sha1-UxvHJlF6OytB+FACHGzBXqq1B80=
  dependencies:
    mime-types "~2.1.24"
    negotiator "0.6.2"

acorn-walk@^8.1.1:
  version "8.2.0"
  resolved "https://registry.nlark.com/acorn-walk/download/acorn-walk-8.2.0.tgz?cache=0&sync_timestamp=1630916717452&other_urls=https%3A%2F%2Fregistry.nlark.com%2Facorn-walk%2Fdownload%2Facorn-walk-8.2.0.tgz#741210f2e2426454508853a2f44d0ab83b7f69c1"
  integrity sha1-dBIQ8uJCZFRQiFOi9E0KuDt/acE=

acorn@^8.4.1:
  version "8.5.0"
  resolved "https://registry.nlark.com/acorn/download/acorn-8.5.0.tgz?cache=0&sync_timestamp=1630916517167&other_urls=https%3A%2F%2Fregistry.nlark.com%2Facorn%2Fdownload%2Facorn-8.5.0.tgz#4512ccb99b3698c752591e9bb4472e38ad43cee2"
  integrity sha1-RRLMuZs2mMdSWR6btEcuOK1DzuI=

arg@^4.1.0:
  version "4.1.3"
  resolved "https://registry.nlark.com/arg/download/arg-4.1.3.tgz#269fc7ad5b8e42cb63c896d5666017261c144089"
  integrity sha1-Jp/HrVuOQstjyJbVZmAXJhwUQIk=

axios@^0.24.0:
  version "0.24.0"
  resolved "https://registry.npmmirror.com/axios/download/axios-0.24.0.tgz#804e6fa1e4b9c5288501dd9dff56a7a0940d20d6"
  integrity sha1-gE5voeS5xSiFAd2d/1anoJQNINY=
  dependencies:
    follow-redirects "^1.14.4"

cache-content-type@^1.0.0:
  version "1.0.1"
  resolved "https://registry.npm.taobao.org/cache-content-type/download/cache-content-type-1.0.1.tgz#035cde2b08ee2129f4a8315ea8f00a00dba1453c"
  integrity sha1-A1zeKwjuISn0qDFeqPAKANuhRTw=
  dependencies:
    mime-types "^2.1.18"
    ylru "^1.2.0"

co@^4.6.0:
  version "4.6.0"
  resolved "https://registry.npm.taobao.org/co/download/co-4.6.0.tgz#6ea6bdf3d853ae54ccb8e47bfa0bf3f9031fb184"
  integrity sha1-bqa989hTrlTMuOR7+gvz+QMfsYQ=

content-disposition@~0.5.2:
  version "0.5.3"
  resolved "https://registry.npm.taobao.org/content-disposition/download/content-disposition-0.5.3.tgz#e130caf7e7279087c5616c2007d0485698984fbd"
  integrity sha1-4TDK9+cnkIfFYWwgB9BIVpiYT70=
  dependencies:
    safe-buffer "5.1.2"

content-type@^1.0.4:
  version "1.0.4"
  resolved "https://registry.npm.taobao.org/content-type/download/content-type-1.0.4.tgz#e138cc75e040c727b1966fe5e5f8c9aee256fe3b"
  integrity sha1-4TjMdeBAxyexlm/l5fjJruJW/js=

cookie@^0.4.1:
  version "0.4.1"
  resolved "https://registry.nlark.com/cookie/download/cookie-0.4.1.tgz#afd713fe26ebd21ba95ceb61f9a8116e50a537d1"
  integrity sha1-r9cT/ibr0hupXOth+agRblClN9E=

cookies@~0.8.0:
  version "0.8.0"
  resolved "https://registry.npm.taobao.org/cookies/download/cookies-0.8.0.tgz#1293ce4b391740a8406e3c9870e828c4b54f3f90"
  integrity sha1-EpPOSzkXQKhAbjyYcOgoxLVPP5A=
  dependencies:
    depd "~2.0.0"
    keygrip "~1.1.0"

create-require@^1.1.0:
  version "1.1.1"
  resolved "https://registry.npm.taobao.org/create-require/download/create-require-1.1.1.tgz#c1d7e8f1e5f6cfc9ff65f9cd352d37348756c333"
  integrity sha1-wdfo8eX2z8n/ZfnNNS03NIdWwzM=

debug@^4.1.1, debug@^4.3.2:
  version "4.3.2"
  resolved "https://registry.nlark.com/debug/download/debug-4.3.2.tgz#f0a49c18ac8779e31d4a0c6029dfb76873c7428b"
  integrity sha1-8KScGKyHeeMdSgxgKd+3aHPHQos=
  dependencies:
    ms "2.1.2"

deep-equal@~1.0.1:
  version "1.0.1"
  resolved "https://registry.npm.taobao.org/deep-equal/download/deep-equal-1.0.1.tgz#f5d260292b660e084eff4cdbc9f08ad3247448b5"
  integrity sha1-9dJgKStmDghO/0zbyfCK0yR0SLU=

delegates@^1.0.0:
  version "1.0.0"
  resolved "https://registry.npm.taobao.org/delegates/download/delegates-1.0.0.tgz#84c6e159b81904fdca59a0ef44cd870d31250f9a"
  integrity sha1-hMbhWbgZBP3KWaDvRM2HDTElD5o=

depd@^2.0.0, depd@~2.0.0:
  version "2.0.0"
  resolved "https://registry.nlark.com/depd/download/depd-2.0.0.tgz#b696163cc757560d09cf22cc8fad1571b79e76df"
  integrity sha1-tpYWPMdXVg0JzyLMj60Vcbeedt8=

depd@~1.1.2:
  version "1.1.2"
  resolved "https://registry.nlark.com/depd/download/depd-1.1.2.tgz#9bcd52e14c097763e749b274c4346ed2e560b5a9"
  integrity sha1-m81S4UwJd2PnSbJ0xDRu0uVgtak=

destroy@^1.0.4:
  version "1.0.4"
  resolved "https://registry.nlark.com/destroy/download/destroy-1.0.4.tgz#978857442c44749e4206613e37946205826abd80"
  integrity sha1-l4hXRCxEdJ5CBmE+N5RiBYJqvYA=

diff@^4.0.1:
  version "4.0.2"
  resolved "https://registry.nlark.com/diff/download/diff-4.0.2.tgz?cache=0&sync_timestamp=1620891825735&other_urls=https%3A%2F%2Fregistry.nlark.com%2Fdiff%2Fdownload%2Fdiff-4.0.2.tgz#60f3aecb89d5fae520c11aa19efc2bb982aade7d"
  integrity sha1-YPOuy4nV+uUgwRqhnvwruYKq3n0=

ee-first@1.1.1:
  version "1.1.1"
  resolved "https://registry.npm.taobao.org/ee-first/download/ee-first-1.1.1.tgz#590c61156b0ae2f4f0255732a158b266bc56b21d"
  integrity sha1-WQxhFWsK4vTwJVcyoViyZrxWsh0=

encodeurl@^1.0.2:
  version "1.0.2"
  resolved "https://registry.npm.taobao.org/encodeurl/download/encodeurl-1.0.2.tgz#ad3ff4c86ec2d029322f5a02c3a9a606c95b3f59"
  integrity sha1-rT/0yG7C0CkyL1oCw6mmBslbP1k=

escape-html@^1.0.3:
  version "1.0.3"
  resolved "https://registry.nlark.com/escape-html/download/escape-html-1.0.3.tgz#0258eae4d3d0c0974de1c169188ef0051d1d1988"
  integrity sha1-Aljq5NPQwJdN4cFpGI7wBR0dGYg=

follow-redirects@^1.14.4:
  version "1.14.4"
  resolved "https://registry.nlark.com/follow-redirects/download/follow-redirects-1.14.4.tgz?cache=0&sync_timestamp=1631622129411&other_urls=https%3A%2F%2Fregistry.nlark.com%2Ffollow-redirects%2Fdownload%2Ffollow-redirects-1.14.4.tgz#838fdf48a8bbdd79e52ee51fb1c94e3ed98b9379"
  integrity sha1-g4/fSKi73XnlLuUfsclOPtmLk3k=

fresh@~0.5.2:
  version "0.5.2"
  resolved "https://registry.nlark.com/fresh/download/fresh-0.5.2.tgz#3d8cadd90d976569fa835ab1f8e4b23a105605a7"
  integrity sha1-PYyt2Q2XZWn6g1qx+OSyOhBWBac=

has-symbols@^1.0.2:
  version "1.0.2"
  resolved "https://registry.npm.taobao.org/has-symbols/download/has-symbols-1.0.2.tgz?cache=0&sync_timestamp=1614443617831&other_urls=https%3A%2F%2Fregistry.npm.taobao.org%2Fhas-symbols%2Fdownload%2Fhas-symbols-1.0.2.tgz#165d3070c00309752a1236a479331e3ac56f1423"
  integrity sha1-Fl0wcMADCXUqEjakeTMeOsVvFCM=

has-tostringtag@^1.0.0:
  version "1.0.0"
  resolved "https://registry.nlark.com/has-tostringtag/download/has-tostringtag-1.0.0.tgz?cache=0&sync_timestamp=1628196402801&other_urls=https%3A%2F%2Fregistry.nlark.com%2Fhas-tostringtag%2Fdownload%2Fhas-tostringtag-1.0.0.tgz#7e133818a7d394734f941e73c3d3f9291e658b25"
  integrity sha1-fhM4GKfTlHNPlB5zw9P5KR5liyU=
  dependencies:
    has-symbols "^1.0.2"

http-assert@^1.3.0:
  version "1.5.0"
  resolved "https://registry.nlark.com/http-assert/download/http-assert-1.5.0.tgz#c389ccd87ac16ed2dfa6246fd73b926aa00e6b8f"
  integrity sha1-w4nM2HrBbtLfpiRv1zuSaqAOa48=
  dependencies:
    deep-equal "~1.0.1"
    http-errors "~1.8.0"

http-errors@^1.6.3, http-errors@^1.7.3, http-errors@~1.8.0:
  version "1.8.0"
  resolved "https://registry.nlark.com/http-errors/download/http-errors-1.8.0.tgz#75d1bbe497e1044f51e4ee9e704a62f28d336507"
  integrity sha1-ddG75JfhBE9R5O6ecEpi8o0zZQc=
  dependencies:
    depd "~1.1.2"
    inherits "2.0.4"
    setprototypeof "1.2.0"
    statuses ">= 1.5.0 < 2"
    toidentifier "1.0.0"

inherits@2.0.4:
  version "2.0.4"
  resolved "https://registry.nlark.com/inherits/download/inherits-2.0.4.tgz#0fa2c64f932917c3433a0ded55363aae37416b7c"
  integrity sha1-D6LGT5MpF8NDOg3tVTY6rjdBa3w=

is-generator-function@^1.0.7:
  version "1.0.10"
  resolved "https://registry.nlark.com/is-generator-function/download/is-generator-function-1.0.10.tgz?cache=0&sync_timestamp=1628228108229&other_urls=https%3A%2F%2Fregistry.nlark.com%2Fis-generator-function%2Fdownload%2Fis-generator-function-1.0.10.tgz#f1558baf1ac17e0deea7c0415c438351ff2b3c72"
  integrity sha1-8VWLrxrBfg3up8BBXEODUf8rPHI=
  dependencies:
    has-tostringtag "^1.0.0"

keygrip@~1.1.0:
  version "1.1.0"
  resolved "https://registry.npm.taobao.org/keygrip/download/keygrip-1.1.0.tgz#871b1681d5e159c62a445b0c74b615e0917e7226"
  integrity sha1-hxsWgdXhWcYqRFsMdLYV4JF+ciY=
  dependencies:
    tsscmp "1.0.6"

koa-compose@^4.1.0:
  version "4.1.0"
  resolved "https://registry.nlark.com/koa-compose/download/koa-compose-4.1.0.tgz#507306b9371901db41121c812e923d0d67d3e877"
  integrity sha1-UHMGuTcZAdtBEhyBLpI9DWfT6Hc=

koa-convert@^2.0.0:
  version "2.0.0"
  resolved "https://registry.npm.taobao.org/koa-convert/download/koa-convert-2.0.0.tgz#86a0c44d81d40551bae22fee6709904573eea4f5"
  integrity sha1-hqDETYHUBVG64i/uZwmQRXPupPU=
  dependencies:
    co "^4.6.0"
    koa-compose "^4.1.0"

koa-router@^10.1.1:
  version "10.1.1"
  resolved "https://registry.nlark.com/koa-router/download/koa-router-10.1.1.tgz#20809f82648518b84726cd445037813cd99f17ff"
  integrity sha1-IICfgmSFGLhHJs1EUDeBPNmfF/8=
  dependencies:
    debug "^4.1.1"
    http-errors "^1.7.3"
    koa-compose "^4.1.0"
    methods "^1.1.2"
    path-to-regexp "^6.1.0"

koa@^2.13.4:
  version "2.13.4"
  resolved "https://registry.npmmirror.com/koa/download/koa-2.13.4.tgz#ee5b0cb39e0b8069c38d115139c774833d32462e"
  integrity sha1-7lsMs54LgGnDjRFROcd0gz0yRi4=
  dependencies:
    accepts "^1.3.5"
    cache-content-type "^1.0.0"
    content-disposition "~0.5.2"
    content-type "^1.0.4"
    cookies "~0.8.0"
    debug "^4.3.2"
    delegates "^1.0.0"
    depd "^2.0.0"
    destroy "^1.0.4"
    encodeurl "^1.0.2"
    escape-html "^1.0.3"
    fresh "~0.5.2"
    http-assert "^1.3.0"
    http-errors "^1.6.3"
    is-generator-function "^1.0.7"
    koa-compose "^4.1.0"
    koa-convert "^2.0.0"
    on-finished "^2.3.0"
    only "~0.0.2"
    parseurl "^1.3.2"
    statuses "^1.5.0"
    type-is "^1.6.16"
    vary "^1.1.2"

make-error@^1.1.1:
  version "1.3.6"
  resolved "https://registry.npm.taobao.org/make-error/download/make-error-1.3.6.tgz#2eb2e37ea9b67c4891f684a1394799af484cf7a2"
  integrity sha1-LrLjfqm2fEiR9oShOUeZr0hM96I=

media-typer@0.3.0:
  version "0.3.0"
  resolved "https://registry.npm.taobao.org/media-typer/download/media-typer-0.3.0.tgz#8710d7af0aa626f8fffa1ce00168545263255748"
  integrity sha1-hxDXrwqmJvj/+hzgAWhUUmMlV0g=

methods@^1.1.2:
  version "1.1.2"
  resolved "https://registry.npm.taobao.org/methods/download/methods-1.1.2.tgz#5529a4d67654134edcc5266656835b0f851afcee"
  integrity sha1-VSmk1nZUE07cxSZmVoNbD4Ua/O4=

mime-db@1.50.0:
  version "1.50.0"
  resolved "https://registry.nlark.com/mime-db/download/mime-db-1.50.0.tgz?cache=0&sync_timestamp=1631863129751&other_urls=https%3A%2F%2Fregistry.nlark.com%2Fmime-db%2Fdownload%2Fmime-db-1.50.0.tgz#abd4ac94e98d3c0e185016c67ab45d5fde40c11f"
  integrity sha1-q9SslOmNPA4YUBbGerRdX95AwR8=

mime-types@^2.1.18, mime-types@~2.1.24:
  version "2.1.33"
  resolved "https://registry.npmmirror.com/mime-types/download/mime-types-2.1.33.tgz?cache=0&sync_timestamp=1633108258894&other_urls=https%3A%2F%2Fregistry.npmmirror.com%2Fmime-types%2Fdownload%2Fmime-types-2.1.33.tgz#1fa12a904472fafd068e48d9e8401f74d3f70edb"
  integrity sha1-H6EqkERy+v0GjkjZ6EAfdNP3Dts=
  dependencies:
    mime-db "1.50.0"

module-alias@^2.2.2:
  version "2.2.2"
  resolved "https://registry.nlark.com/module-alias/download/module-alias-2.2.2.tgz#151cdcecc24e25739ff0aa6e51e1c5716974c0e0"
  integrity sha1-FRzc7MJOJXOf8KpuUeHFcWl0wOA=

ms@2.1.2:
  version "2.1.2"
  resolved "https://registry.npmmirror.com/ms/download/ms-2.1.2.tgz#d09d1f357b443f493382a8eb3ccd183872ae6009"
  integrity sha1-0J0fNXtEP0kzgqjrPM0YOHKuYAk=

negotiator@0.6.2:
  version "0.6.2"
  resolved "https://registry.npm.taobao.org/negotiator/download/negotiator-0.6.2.tgz#feacf7ccf525a77ae9634436a64883ffeca346fb"
  integrity sha1-/qz3zPUlp3rpY0Q2pkiD/+yjRvs=

on-finished@^2.3.0:
  version "2.3.0"
  resolved "https://registry.npm.taobao.org/on-finished/download/on-finished-2.3.0.tgz#20f1336481b083cd75337992a16971aa2d906947"
  integrity sha1-IPEzZIGwg811M3mSoWlxqi2QaUc=
  dependencies:
    ee-first "1.1.1"

only@~0.0.2:
  version "0.0.2"
  resolved "https://registry.npm.taobao.org/only/download/only-0.0.2.tgz#2afde84d03e50b9a8edc444e30610a70295edfb4"
  integrity sha1-Kv3oTQPlC5qO3EROMGEKcCle37Q=

parseurl@^1.3.2:
  version "1.3.3"
  resolved "https://registry.nlark.com/parseurl/download/parseurl-1.3.3.tgz#9da19e7bee8d12dff0513ed5b76957793bc2e8d4"
  integrity sha1-naGee+6NEt/wUT7Vt2lXeTvC6NQ=

path-to-regexp@^6.1.0:
  version "6.2.0"
  resolved "https://registry.npm.taobao.org/path-to-regexp/download/path-to-regexp-6.2.0.tgz?cache=0&sync_timestamp=1601400247487&other_urls=https%3A%2F%2Fregistry.npm.taobao.org%2Fpath-to-regexp%2Fdownload%2Fpath-to-regexp-6.2.0.tgz#f7b3803336104c346889adece614669230645f38"
  integrity sha1-97OAMzYQTDRoia3s5hRmkjBkXzg=

safe-buffer@5.1.2:
  version "5.1.2"
  resolved "https://registry.nlark.com/safe-buffer/download/safe-buffer-5.1.2.tgz#991ec69d296e0313747d59bdfd2b745c35f8828d"
  integrity sha1-mR7GnSluAxN0fVm9/St0XDX4go0=

setprototypeof@1.2.0:
  version "1.2.0"
  resolved "https://registry.npm.taobao.org/setprototypeof/download/setprototypeof-1.2.0.tgz#66c9a24a73f9fc28cbe66b09fed3d33dcaf1b424"
  integrity sha1-ZsmiSnP5/CjL5msJ/tPTPcrxtCQ=

"statuses@>= 1.5.0 < 2", statuses@^1.5.0:
  version "1.5.0"
  resolved "https://registry.nlark.com/statuses/download/statuses-1.5.0.tgz#161c7dac177659fd9811f43771fa99381478628c"
  integrity sha1-Fhx9rBd2Wf2YEfQ3cfqZOBR4Yow=

toidentifier@1.0.0:
  version "1.0.0"
  resolved "https://registry.nlark.com/toidentifier/download/toidentifier-1.0.0.tgz#7e1be3470f1e77948bc43d94a3c8f4d7752ba553"
  integrity sha1-fhvjRw8ed5SLxD2Uo8j013UrpVM=

ts-node@^10.4.0:
  version "10.4.0"
  resolved "https://registry.npmmirror.com/ts-node/download/ts-node-10.4.0.tgz#680f88945885f4e6cf450e7f0d6223dd404895f7"
  integrity sha1-aA+IlFiF9ObPRQ5/DWIj3UBIlfc=
  dependencies:
    "@cspotcode/source-map-support" "0.7.0"
    "@tsconfig/node10" "^1.0.7"
    "@tsconfig/node12" "^1.0.7"
    "@tsconfig/node14" "^1.0.0"
    "@tsconfig/node16" "^1.0.2"
    acorn "^8.4.1"
    acorn-walk "^8.1.1"
    arg "^4.1.0"
    create-require "^1.1.0"
    diff "^4.0.1"
    make-error "^1.1.1"
    yn "3.1.1"

tsscmp@1.0.6:
  version "1.0.6"
  resolved "https://registry.npm.taobao.org/tsscmp/download/tsscmp-1.0.6.tgz#85b99583ac3589ec4bfef825b5000aa911d605eb"
  integrity sha1-hbmVg6w1iexL/vgltQAKqRHWBes=

type-is@^1.6.16:
  version "1.6.18"
  resolved "https://registry.npm.taobao.org/type-is/download/type-is-1.6.18.tgz#4e552cd05df09467dcbc4ef739de89f2cf37c131"
  integrity sha1-TlUs0F3wlGfcvE73Od6J8s83wTE=
  dependencies:
    media-typer "0.3.0"
    mime-types "~2.1.24"

typescript@^4.4.4:
  version "4.4.4"
  resolved "https://registry.npmmirror.com/typescript/download/typescript-4.4.4.tgz?cache=0&sync_timestamp=1635235316384&other_urls=https%3A%2F%2Fregistry.npmmirror.com%2Ftypescript%2Fdownload%2Ftypescript-4.4.4.tgz#2cd01a1a1f160704d3101fd5a58ff0f9fcb8030c"
  integrity sha1-LNAaGh8WBwTTEB/VpY/w+fy4Aww=

vary@^1.1.2:
  version "1.1.2"
  resolved "https://registry.npm.taobao.org/vary/download/vary-1.1.2.tgz#2299f02c6ded30d4a5961b0b9f74524a18f634fc"
  integrity sha1-IpnwLG3tMNSllhsLn3RSShj2NPw=

ylru@^1.2.0:
  version "1.2.1"
  resolved "https://registry.npm.taobao.org/ylru/download/ylru-1.2.1.tgz#f576b63341547989c1de7ba288760923b27fe84f"
  integrity sha1-9Xa2M0FUeYnB3nuiiHYJI7J/6E8=

yn@3.1.1:
  version "3.1.1"
  resolved "https://registry.nlark.com/yn/download/yn-3.1.1.tgz#1e87401a09d767c1d5eab26a6e4c185182d2eb50"
  integrity sha1-HodAGgnXZ8HV6rJqbkwYUYLS61A=
